
Microsoft Visual Studio Solution File, Format Version 12.00
# Visual Studio Version 17
VisualStudioVersion = 17.14.36518.9 d17.14
MinimumVisualStudioVersion = 10.0.40219.1
Project("{FAE04EC0-301F-11D3-BF4B-00C04F79EFBC}") = "VRCinHereForMastodon", "VRCinHereForMastodon\VRCinHereForMastodon.csproj", "{541C1ED3-1FA3-454F-AF30-83FB81D40744}"
EndProject
Global
	GlobalSection(SolutionConfigurationPlatforms) = preSolution
		Debug|Any CPU = Debug|Any CPU
		Release|Any CPU = Release|Any CPU
	EndGlobalSection
	GlobalSection(ProjectConfigurationPlatforms) = postSolution
		{541C1ED3-1FA3-454F-AF30-83FB81D40744}.Debug|Any CPU.ActiveCfg = Debug|Any CPU
		{541C1ED3-1FA3-454F-AF30-83FB81D40744}.Debug|Any CPU.Build.0 = Debug|Any CPU
		{541C1ED3-1FA3-454F-AF30-83FB81D40744}.Release|Any CPU.ActiveCfg = Release|Any CPU
		{541C1ED3-1FA3-454F-AF30-83FB81D40744}.Release|Any CPU.Build.0 = Release|Any CPU
	EndGlobalSection
	GlobalSection(SolutionProperties) = preSolution
		HideSolutionNode = FALSE
	EndGlobalSection
	GlobalSection(ExtensibilityGlobals) = postSolution
		SolutionGuid = {19AEE2CB-4052-4658-BD8F-FE87C4893C6A}
	EndGlobalSection
EndGlobal
